// !$*UTF8*$!
{
	archiveVersion = 1;
	classes = {
	};
	objectVersion = 77;
	objects = {

/* Begin PBXBuildFile section */
		3D26A0F72D3FB25B00BA5917 /* SnapKit in Frameworks */ = {isa = PBXBuildFile; productRef = 3D26A0F62D3FB25B00BA5917 /* SnapKit */; };
		3D26A0FA2D3FB27400BA5917 /* Alamofire in Frameworks */ = {isa = PBXBuildFile; productRef = 3D26A0F92D3FB27400BA5917 /* Alamofire */; };
		3D26A0FF2D3FB2B100BA5917 /* RealmSwift in Frameworks */ = {isa = PBXBuildFile; productRef = 3D26A0FE2D3FB2B100BA5917 /* RealmSwift */; };
		3D26A1022D3FB31B00BA5917 /* FirebaseAuth in Frameworks */ = {isa = PBXBuildFile; productRef = 3D26A1012D3FB31B00BA5917 /* FirebaseAuth */; };
		3D26A1042D3FB31B00BA5917 /* FirebaseDatabase in Frameworks */ = {isa = PBXBuildFile; productRef = 3D26A1032D3FB31B00BA5917 /* FirebaseDatabase */; };
		3D26A1062D3FB31B00BA5917 /* FirebaseFirestore in Frameworks */ = {isa = PBXBuildFile; productRef = 3D26A1052D3FB31B00BA5917 /* FirebaseFirestore */; };
		3D26A1082D3FB31B00BA5917 /* FirebaseStorage in Frameworks */ = {isa = PBXBuildFile; productRef = 3D26A1072D3FB31B00BA5917 /* FirebaseStorage */; };
		3D26A11B2D41800500BA5917 /* RealmSwift in Embed Frameworks */ = {isa = PBXBuildFile; productRef = 3D26A0FE2D3FB2B100BA5917 /* RealmSwift */; settings = {ATTRIBUTES = (CodeSignOnCopy, ); }; };
/* End PBXBuildFile section */

/* Begin PBXContainerItemProxy section */
		3D26A0D82D3FB1C300BA5917 /* PBXContainerItemProxy */ = {
			isa = PBXContainerItemProxy;
			containerPortal = 3D26A0B92D3FB1C000BA5917 /* Project object */;
			proxyType = 1;
			remoteGlobalIDString = 3D26A0C02D3FB1C100BA5917;
			remoteInfo = TaxApp;
		};
		3D26A0E22D3FB1C300BA5917 /* PBXContainerItemProxy */ = {
			isa = PBXContainerItemProxy;
			containerPortal = 3D26A0B92D3FB1C000BA5917 /* Project object */;
			proxyType = 1;
			remoteGlobalIDString = 3D26A0C02D3FB1C100BA5917;
			remoteInfo = TaxApp;
		};
/* End PBXContainerItemProxy section */

/* Begin PBXCopyFilesBuildPhase section */
		3D26A1192D417FDE00BA5917 /* Embed Frameworks */ = {
			isa = PBXCopyFilesBuildPhase;
			buildActionMask = 2147483647;
			dstPath = "";
			dstSubfolderSpec = 10;
			files = (
				3D26A11B2D41800500BA5917 /* RealmSwift in Embed Frameworks */,
			);
			name = "Embed Frameworks";
			runOnlyForDeploymentPostprocessing = 0;
		};
/* End PBXCopyFilesBuildPhase section */

/* Begin PBXFileReference section */
		3D26A0C12D3FB1C100BA5917 /* TaxApp.app */ = {isa = PBXFileReference; explicitFileType = wrapper.application; includeInIndex = 0; path = TaxApp.app; sourceTree = BUILT_PRODUCTS_DIR; };
		3D26A0D72D3FB1C300BA5917 /* TaxAppTests.xctest */ = {isa = PBXFileReference; explicitFileType = wrapper.cfbundle; includeInIndex = 0; path = TaxAppTests.xctest; sourceTree = BUILT_PRODUCTS_DIR; };
		3D26A0E12D3FB1C300BA5917 /* TaxAppUITests.xctest */ = {isa = PBXFileReference; explicitFileType = wrapper.cfbundle; includeInIndex = 0; path = TaxAppUITests.xctest; sourceTree = BUILT_PRODUCTS_DIR; };
/* End PBXFileReference section */

/* Begin PBXFileSystemSynchronizedBuildFileExceptionSet section */
		3D26A0E92D3FB1C300BA5917 /* Exceptions for "TaxApp" folder in "TaxApp" target */ = {
			isa = PBXFileSystemSynchronizedBuildFileExceptionSet;
			membershipExceptions = (
				Info.plist,
			);
			target = 3D26A0C02D3FB1C100BA5917 /* TaxApp */;
		};
/* End PBXFileSystemSynchronizedBuildFileExceptionSet section */

/* Begin PBXFileSystemSynchronizedRootGroup section */
		3D26A0C32D3FB1C100BA5917 /* TaxApp */ = {
			isa = PBXFileSystemSynchronizedRootGroup;
			exceptions = (
				3D26A0E92D3FB1C300BA5917 /* Exceptions for "TaxApp" folder in "TaxApp" target */,
			);
			path = TaxApp;
			sourceTree = "<group>";
		};
/* End PBXFileSystemSynchronizedRootGroup section */

/* Begin PBXFrameworksBuildPhase section */
		3D26A0BE2D3FB1C100BA5917 /* Frameworks */ = {
			isa = PBXFrameworksBuildPhase;
			buildActionMask = 2147483647;
			files = (
				3D26A1042D3FB31B00BA5917 /* FirebaseDatabase in Frameworks */,
				3D26A0FF2D3FB2B100BA5917 /* RealmSwift in Frameworks */,
				3D26A1022D3FB31B00BA5917 /* FirebaseAuth in Frameworks */,
				3D26A0F72D3FB25B00BA5917 /* SnapKit in Frameworks */,
				3D26A1082D3FB31B00BA5917 /* FirebaseStorage in Frameworks */,
				3D26A0FA2D3FB27400BA5917 /* Alamofire in Frameworks */,
				3D26A1062D3FB31B00BA5917 /* FirebaseFirestore in Frameworks */,
			);
			runOnlyForDeploymentPostprocessing = 0;
		};
		3D26A0D42D3FB1C300BA5917 /* Frameworks */ = {
			isa = PBXFrameworksBuildPhase;
			buildActionMask = 2147483647;
			files = (
			);
			runOnlyForDeploymentPostprocessing = 0;
		};
		3D26A0DE2D3FB1C300BA5917 /* Frameworks */ = {
			isa = PBXFrameworksBuildPhase;
			buildActionMask = 2147483647;
			files = (
			);
			runOnlyForDeploymentPostprocessing = 0;
		};
/* End PBXFrameworksBuildPhase section */

/* Begin PBXGroup section */
		3D26A0B82D3FB1C000BA5917 = {
			isa = PBXGroup;
			children = (
				3D26A0C32D3FB1C100BA5917 /* TaxApp */,
				3D26A0C22D3FB1C100BA5917 /* Products */,
			);
			sourceTree = "<group>";
		};
		3D26A0C22D3FB1C100BA5917 /* Products */ = {
			isa = PBXGroup;
			children = (
				3D26A0C12D3FB1C100BA5917 /* TaxApp.app */,
				3D26A0D72D3FB1C300BA5917 /* TaxAppTests.xctest */,
				3D26A0E12D3FB1C300BA5917 /* TaxAppUITests.xctest */,
			);
			name = Products;
			sourceTree = "<group>";
		};
/* End PBXGroup section */

/* Begin PBXNativeTarget section */
		3D26A0C02D3FB1C100BA5917 /* TaxApp */ = {
			isa = PBXNativeTarget;
			buildConfigurationList = 3D26A0EA2D3FB1C300BA5917 /* Build configuration list for PBXNativeTarget "TaxApp" */;
			buildPhases = (
				3D26A0BD2D3FB1C100BA5917 /* Sources */,
				3D26A0BE2D3FB1C100BA5917 /* Frameworks */,
				3D26A0BF2D3FB1C100BA5917 /* Resources */,
				3D26A1192D417FDE00BA5917 /* Embed Frameworks */,
			);
			buildRules = (
			);
			dependencies = (
			);
			fileSystemSynchronizedGroups = (
				3D26A0C32D3FB1C100BA5917 /* TaxApp */,
			);
			name = TaxApp;
			packageProductDependencies = (
				3D26A0F62D3FB25B00BA5917 /* SnapKit */,
				3D26A0F92D3FB27400BA5917 /* Alamofire */,
				3D26A0FE2D3FB2B100BA5917 /* RealmSwift */,
				3D26A1012D3FB31B00BA5917 /* FirebaseAuth */,
				3D26A1032D3FB31B00BA5917 /* FirebaseDatabase */,
				3D26A1052D3FB31B00BA5917 /* FirebaseFirestore */,
				3D26A1072D3FB31B00BA5917 /* FirebaseStorage */,
			);
			productName = TaxApp;
			productReference = 3D26A0C12D3FB1C100BA5917 /* TaxApp.app */;
			productType = "com.apple.product-type.application";
		};
		3D26A0D62D3FB1C300BA5917 /* TaxAppTests */ = {
			isa = PBXNativeTarget;
			buildConfigurationList = 3D26A0EF2D3FB1C300BA5917 /* Build configuration list for PBXNativeTarget "TaxAppTests" */;
			buildPhases = (
				3D26A0D32D3FB1C300BA5917 /* Sources */,
				3D26A0D42D3FB1C300BA5917 /* Frameworks */,
				3D26A0D52D3FB1C300BA5917 /* Resources */,
			);
			buildRules = (
			);
			dependencies = (
				3D26A0D92D3FB1C300BA5917 /* PBXTargetDependency */,
			);
			name = TaxAppTests;
			packageProductDependencies = (
			);
			productName = TaxAppTests;
			productReference = 3D26A0D72D3FB1C300BA5917 /* TaxAppTests.xctest */;
			productType = "com.apple.product-type.bundle.unit-test";
		};
		3D26A0E02D3FB1C300BA5917 /* TaxAppUITests */ = {
			isa = PBXNativeTarget;
			buildConfigurationList = 3D26A0F22D3FB1C300BA5917 /* Build configuration list for PBXNativeTarget "TaxAppUITests" */;
			buildPhases = (
				3D26A0DD2D3FB1C300BA5917 /* Sources */,
				3D26A0DE2D3FB1C300BA5917 /* Frameworks */,
				3D26A0DF2D3FB1C300BA5917 /* Resources */,
			);
			buildRules = (
			);
			dependencies = (
				3D26A0E32D3FB1C300BA5917 /* PBXTargetDependency */,
			);
			name = TaxAppUITests;
			packageProductDependencies = (
			);
			productName = TaxAppUITests;
			productReference = 3D26A0E12D3FB1C300BA5917 /* TaxAppUITests.xctest */;
			productType = "com.apple.product-type.bundle.ui-testing";
		};
/* End PBXNativeTarget section */

/* Begin PBXProject section */
		3D26A0B92D3FB1C000BA5917 /* Project object */ = {
			isa = PBXProject;
			attributes = {
				BuildIndependentTargetsInParallel = 1;
				LastSwiftUpdateCheck = 1620;
				LastUpgradeCheck = 1620;
				TargetAttributes = {
					3D26A0C02D3FB1C100BA5917 = {
						CreatedOnToolsVersion = 16.2;
					};
					3D26A0D62D3FB1C300BA5917 = {
						CreatedOnToolsVersion = 16.2;
						TestTargetID = 3D26A0C02D3FB1C100BA5917;
					};
					3D26A0E02D3FB1C300BA5917 = {
						CreatedOnToolsVersion = 16.2;
						TestTargetID = 3D26A0C02D3FB1C100BA5917;
					};
				};
			};
			buildConfigurationList = 3D26A0BC2D3FB1C000BA5917 /* Build configuration list for PBXProject "TaxApp" */;
			developmentRegion = en;
			hasScannedForEncodings = 0;
			knownRegions = (
				en,
				Base,
			);
			mainGroup = 3D26A0B82D3FB1C000BA5917;
			minimizedProjectReferenceProxies = 1;
			packageReferences = (
				3D26A0F52D3FB25B00BA5917 /* XCRemoteSwiftPackageReference "SnapKit" */,
				3D26A0F82D3FB27400BA5917 /* XCRemoteSwiftPackageReference "Alamofire" */,
				3D26A0FB2D3FB2B100BA5917 /* XCRemoteSwiftPackageReference "realm-swift" */,
				3D26A1002D3FB31B00BA5917 /* XCRemoteSwiftPackageReference "firebase-ios-sdk" */,
			);
			preferredProjectObjectVersion = 77;
			productRefGroup = 3D26A0C22D3FB1C100BA5917 /* Products */;
			projectDirPath = "";
			projectRoot = "";
			targets = (
				3D26A0C02D3FB1C100BA5917 /* TaxApp */,
				3D26A0D62D3FB1C300BA5917 /* TaxAppTests */,
				3D26A0E02D3FB1C300BA5917 /* TaxAppUITests */,
			);
		};
/* End PBXProject section */

/* Begin PBXResourcesBuildPhase section */
		3D26A0BF2D3FB1C100BA5917 /* Resources */ = {
			isa = PBXResourcesBuildPhase;
			buildActionMask = 2147483647;
			files = (
			);
			runOnlyForDeploymentPostprocessing = 0;
		};
		3D26A0D52D3FB1C300BA5917 /* Resources */ = {
			isa = PBXResourcesBuildPhase;
			buildActionMask = 2147483647;
			files = (
			);
			runOnlyForDeploymentPostprocessing = 0;
		};
		3D26A0DF2D3FB1C300BA5917 /* Resources */ = {
			isa = PBXResourcesBuildPhase;
			buildActionMask = 2147483647;
			files = (
			);
			runOnlyForDeploymentPostprocessing = 0;
		};
/* End PBXResourcesBuildPhase section */

/* Begin PBXSourcesBuildPhase section */
		3D26A0BD2D3FB1C100BA5917 /* Sources */ = {
			isa = PBXSourcesBuildPhase;
			buildActionMask = 2147483647;
			files = (
			);
			runOnlyForDeploymentPostprocessing = 0;
		};
		3D26A0D32D3FB1C300BA5917 /* Sources */ = {
			isa = PBXSourcesBuildPhase;
			buildActionMask = 2147483647;
			files = (
			);
			runOnlyForDeploymentPostprocessing = 0;
		};
		3D26A0DD2D3FB1C300BA5917 /* Sources */ = {
			isa = PBXSourcesBuildPhase;
			buildActionMask = 2147483647;
			files = (
			);
			runOnlyForDeploymentPostprocessing = 0;
		};
/* End PBXSourcesBuildPhase section */

/* Begin PBXTargetDependency section */
		3D26A0D92D3FB1C300BA5917 /* PBXTargetDependency */ = {
			isa = PBXTargetDependency;
			target = 3D26A0C02D3FB1C100BA5917 /* TaxApp */;
			targetProxy = 3D26A0D82D3FB1C300BA5917 /* PBXContainerItemProxy */;
		};
		3D26A0E32D3FB1C300BA5917 /* PBXTargetDependency */ = {
			isa = PBXTargetDependency;
			target = 3D26A0C02D3FB1C100BA5917 /* TaxApp */;
			targetProxy = 3D26A0E22D3FB1C300BA5917 /* PBXContainerItemProxy */;
		};
/* End PBXTargetDependency section */

/* Begin XCBuildConfiguration section */
		3D26A0EB2D3FB1C300BA5917 /* Debug */ = {
			isa = XCBuildConfiguration;
			buildSettings = {
				ASSETCATALOG_COMPILER_APPICON_NAME = AppIcon;
				ASSETCATALOG_COMPILER_GLOBAL_ACCENT_COLOR_NAME = AccentColor;
				CODE_SIGN_STYLE = Automatic;
				CURRENT_PROJECT_VERSION = 1;
				DEVELOPMENT_TEAM = WN2VNXV84T;
				GENERATE_INFOPLIST_FILE = YES;
				INFOPLIST_FILE = TaxApp/Info.plist;
				INFOPLIST_KEY_UIApplicationSupportsIndirectInputEvents = YES;
				INFOPLIST_KEY_UILaunchStoryboardName = LaunchScreen;
				INFOPLIST_KEY_UIMainStoryboardFile = "";
				INFOPLIST_KEY_UISupportedInterfaceOrientations_iPad = "UIInterfaceOrientationPortrait UIInterfaceOrientationPortraitUpsideDown UIInterfaceOrientationLandscapeLeft UIInterfaceOrientationLandscapeRight";
				INFOPLIST_KEY_UISupportedInterfaceOrientations_iPhone = "UIInterfaceOrientationPortrait UIInterfaceOrientationLandscapeLeft UIInterfaceOrientationLandscapeRight";
				LD_RUNPATH_SEARCH_PATHS = (
					"$(inherited)",
					"@executable_path/Frameworks",
				);
				MARKETING_VERSION = 1.0;
				PRODUCT_BUNDLE_IDENTIFIER = com.drdablack.TaxApp;
				PRODUCT_NAME = "$(TARGET_NAME)";
				SWIFT_EMIT_LOC_STRINGS = YES;
				SWIFT_VERSION = 5.0;
				TARGETED_DEVICE_FAMILY = "1,2";
			};
			name = Debug;
		};
		3D26A0EC2D3FB1C300BA5917 /* Release */ = {
			isa = XCBuildConfiguration;
			buildSettings = {
				ASSETCATALOG_COMPILER_APPICON_NAME = AppIcon;
				ASSETCATALOG_COMPILER_GLOBAL_ACCENT_COLOR_NAME = AccentColor;
				CODE_SIGN_STYLE = Automatic;
				CURRENT_PROJECT_VERSION = 1;
				DEVELOPMENT_TEAM = WN2VNXV84T;
				GENERATE_INFOPLIST_FILE = YES;
				INFOPLIST_FILE = TaxApp/Info.plist;
				INFOPLIST_KEY_UIApplicationSupportsIndirectInputEvents = YES;
				INFOPLIST_KEY_UILaunchStoryboardName = LaunchScreen;
				INFOPLIST_KEY_UIMainStoryboardFile = "";
				INFOPLIST_KEY_UISupportedInterfaceOrientations_iPad = "UIInterfaceOrientationPortrait UIInterfaceOrientationPortraitUpsideDown UIInterfaceOrientationLandscapeLeft UIInterfaceOrientationLandscapeRight";
				INFOPLIST_KEY_UISupportedInterfaceOrientations_iPhone = "UIInterfaceOrientationPortrait UIInterfaceOrientationLandscapeLeft UIInterfaceOrientationLandscapeRight";
				LD_RUNPATH_SEARCH_PATHS = (
					"$(inherited)",
					"@executable_path/Frameworks",
				);
				MARKETING_VERSION = 1.0;
				PRODUCT_BUNDLE_IDENTIFIER = com.drdablack.TaxApp;
				PRODUCT_NAME = "$(TARGET_NAME)";
				SWIFT_EMIT_LOC_STRINGS = YES;
				SWIFT_VERSION = 5.0;
				TARGETED_DEVICE_FAMILY = "1,2";
			};
			name = Release;
		};
		3D26A0ED2D3FB1C300BA5917 /* Debug */ = {
			isa = XCBuildConfiguration;
			buildSettings = {
				ALWAYS_SEARCH_USER_PATHS = NO;
				ASSETCATALOG_COMPILER_GENERATE_SWIFT_ASSET_SYMBOL_EXTENSIONS = YES;
				CLANG_ANALYZER_NONNULL = YES;
				CLANG_ANALYZER_NUMBER_OBJECT_CONVERSION = YES_AGGRESSIVE;
				CLANG_CXX_LANGUAGE_STANDARD = "gnu++20";
				CLANG_ENABLE_MODULES = YES;
				CLANG_ENABLE_OBJC_ARC = YES;
				CLANG_ENABLE_OBJC_WEAK = YES;
				CLANG_WARN_BLOCK_CAPTURE_AUTORELEASING = YES;
				CLANG_WARN_BOOL_CONVERSION = YES;
				CLANG_WARN_COMMA = YES;
				CLANG_WARN_CONSTANT_CONVERSION = YES;
				CLANG_WARN_DEPRECATED_OBJC_IMPLEMENTATIONS = YES;
				CLANG_WARN_DIRECT_OBJC_ISA_USAGE = YES_ERROR;
				CLANG_WARN_DOCUMENTATION_COMMENTS = YES;
				CLANG_WARN_EMPTY_BODY = YES;
				CLANG_WARN_ENUM_CONVERSION = YES;
				CLANG_WARN_INFINITE_RECURSION = YES;
				CLANG_WARN_INT_CONVERSION = YES;
				CLANG_WARN_NON_LITERAL_NULL_CONVERSION = YES;
				CLANG_WARN_OBJC_IMPLICIT_RETAIN_SELF = YES;
				CLANG_WARN_OBJC_LITERAL_CONVERSION = YES;
				CLANG_WARN_OBJC_ROOT_CLASS = YES_ERROR;
				CLANG_WARN_QUOTED_INCLUDE_IN_FRAMEWORK_HEADER = YES;
				CLANG_WARN_RANGE_LOOP_ANALYSIS = YES;
				CLANG_WARN_STRICT_PROTOTYPES = YES;
				CLANG_WARN_SUSPICIOUS_MOVE = YES;
				CLANG_WARN_UNGUARDED_AVAILABILITY = YES_AGGRESSIVE;
				CLANG_WARN_UNREACHABLE_CODE = YES;
				CLANG_WARN__DUPLICATE_METHOD_MATCH = YES;
				COPY_PHASE_STRIP = NO;
				DEBUG_INFORMATION_FORMAT = dwarf;
				ENABLE_STRICT_OBJC_MSGSEND = YES;
				ENABLE_TESTABILITY = YES;
				ENABLE_USER_SCRIPT_SANDBOXING = YES;
				GCC_C_LANGUAGE_STANDARD = gnu17;
				GCC_DYNAMIC_NO_PIC = NO;
				GCC_NO_COMMON_BLOCKS = YES;
				GCC_OPTIMIZATION_LEVEL = 0;
				GCC_PREPROCESSOR_DEFINITIONS = (
					"DEBUG=1",
					"$(inherited)",
				);
				GCC_WARN_64_TO_32_BIT_CONVERSION = YES;
				GCC_WARN_ABOUT_RETURN_TYPE = YES_ERROR;
				GCC_WARN_UNDECLARED_SELECTOR = YES;
				GCC_WARN_UNINITIALIZED_AUTOS = YES_AGGRESSIVE;
				GCC_WARN_UNUSED_FUNCTION = YES;
				GCC_WARN_UNUSED_VARIABLE = YES;
				IPHONEOS_DEPLOYMENT_TARGET = 18.2;
				LOCALIZATION_PREFERS_STRING_CATALOGS = YES;
				MTL_ENABLE_DEBUG_INFO = INCLUDE_SOURCE;
				MTL_FAST_MATH = YES;
				ONLY_ACTIVE_ARCH = YES;
				SDKROOT = iphoneos;
				SWIFT_ACTIVE_COMPILATION_CONDITIONS = "DEBUG $(inherited)";
				SWIFT_OPTIMIZATION_LEVEL = "-Onone";
			};
			name = Debug;
		};
		3D26A0EE2D3FB1C300BA5917 /* Release */ = {
			isa = XCBuildConfiguration;
			buildSettings = {
				ALWAYS_SEARCH_USER_PATHS = NO;
				ASSETCATALOG_COMPILER_GENERATE_SWIFT_ASSET_SYMBOL_EXTENSIONS = YES;
				CLANG_ANALYZER_NONNULL = YES;
				CLANG_ANALYZER_NUMBER_OBJECT_CONVERSION = YES_AGGRESSIVE;
				CLANG_CXX_LANGUAGE_STANDARD = "gnu++20";
				CLANG_ENABLE_MODULES = YES;
				CLANG_ENABLE_OBJC_ARC = YES;
				CLANG_ENABLE_OBJC_WEAK = YES;
				CLANG_WARN_BLOCK_CAPTURE_AUTORELEASING = YES;
				CLANG_WARN_BOOL_CONVERSION = YES;
				CLANG_WARN_COMMA = YES;
				CLANG_WARN_CONSTANT_CONVERSION = YES;
				CLANG_WARN_DEPRECATED_OBJC_IMPLEMENTATIONS = YES;
				CLANG_WARN_DIRECT_OBJC_ISA_USAGE = YES_ERROR;
				CLANG_WARN_DOCUMENTATION_COMMENTS = YES;
				CLANG_WARN_EMPTY_BODY = YES;
				CLANG_WARN_ENUM_CONVERSION = YES;
				CLANG_WARN_INFINITE_RECURSION = YES;
				CLANG_WARN_INT_CONVERSION = YES;
				CLANG_WARN_NON_LITERAL_NULL_CONVERSION = YES;
				CLANG_WARN_OBJC_IMPLICIT_RETAIN_SELF = YES;
				CLANG_WARN_OBJC_LITERAL_CONVERSION = YES;
				CLANG_WARN_OBJC_ROOT_CLASS = YES_ERROR;
				CLANG_WARN_QUOTED_INCLUDE_IN_FRAMEWORK_HEADER = YES;
				CLANG_WARN_RANGE_LOOP_ANALYSIS = YES;
				CLANG_WARN_STRICT_PROTOTYPES = YES;
				CLANG_WARN_SUSPICIOUS_MOVE = YES;
				CLANG_WARN_UNGUARDED_AVAILABILITY = YES_AGGRESSIVE;
				CLANG_WARN_UNREACHABLE_CODE = YES;
				CLANG_WARN__DUPLICATE_METHOD_MATCH = YES;
				COPY_PHASE_STRIP = NO;
				DEBUG_INFORMATION_FORMAT = "dwarf-with-dsym";
				ENABLE_NS_ASSERTIONS = NO;
				ENABLE_STRICT_OBJC_MSGSEND = YES;
				ENABLE_USER_SCRIPT_SANDBOXING = YES;
				GCC_C_LANGUAGE_STANDARD = gnu17;
				GCC_NO_COMMON_BLOCKS = YES;
				GCC_WARN_64_TO_32_BIT_CONVERSION = YES;
				GCC_WARN_ABOUT_RETURN_TYPE = YES_ERROR;
				GCC_WARN_UNDECLARED_SELECTOR = YES;
				GCC_WARN_UNINITIALIZED_AUTOS = YES_AGGRESSIVE;
				GCC_WARN_UNUSED_FUNCTION = YES;
				GCC_WARN_UNUSED_VARIABLE = YES;
				IPHONEOS_DEPLOYMENT_TARGET = 18.2;
				LOCALIZATION_PREFERS_STRING_CATALOGS = YES;
				MTL_ENABLE_DEBUG_INFO = NO;
				MTL_FAST_MATH = YES;
				SDKROOT = iphoneos;
				SWIFT_COMPILATION_MODE = wholemodule;
				VALIDATE_PRODUCT = YES;
			};
			name = Release;
		};
		3D26A0F02D3FB1C300BA5917 /* Debug */ = {
			isa = XCBuildConfiguration;
			buildSettings = {
				BUNDLE_LOADER = "$(TEST_HOST)";
				CODE_SIGN_STYLE = Automatic;
				CURRENT_PROJECT_VERSION = 1;
				DEVELOPMENT_TEAM = WN2VNXV84T;
				GENERATE_INFOPLIST_FILE = YES;
				IPHONEOS_DEPLOYMENT_TARGET = 18.2;
				MARKETING_VERSION = 1.0;
				PRODUCT_BUNDLE_IDENTIFIER = com.drdablack.TaxAppTests;
				PRODUCT_NAME = "$(TARGET_NAME)";
				SWIFT_EMIT_LOC_STRINGS = NO;
				SWIFT_VERSION = 5.0;
				TARGETED_DEVICE_FAMILY = "1,2";
				TEST_HOST = "$(BUILT_PRODUCTS_DIR)/TaxApp.app/$(BUNDLE_EXECUTABLE_FOLDER_PATH)/TaxApp";
			};
			name = Debug;
		};
		3D26A0F12D3FB1C300BA5917 /* Release */ = {
			isa = XCBuildConfiguration;
			buildSettings = {
				BUNDLE_LOADER = "$(TEST_HOST)";
				CODE_SIGN_STYLE = Automatic;
				CURRENT_PROJECT_VERSION = 1;
				DEVELOPMENT_TEAM = WN2VNXV84T;
				GENERATE_INFOPLIST_FILE = YES;
				IPHONEOS_DEPLOYMENT_TARGET = 18.2;
				MARKETING_VERSION = 1.0;
				PRODUCT_BUNDLE_IDENTIFIER = com.drdablack.TaxAppTests;
				PRODUCT_NAME = "$(TARGET_NAME)";
				SWIFT_EMIT_LOC_STRINGS = NO;
				SWIFT_VERSION = 5.0;
				TARGETED_DEVICE_FAMILY = "1,2";
				TEST_HOST = "$(BUILT_PRODUCTS_DIR)/TaxApp.app/$(BUNDLE_EXECUTABLE_FOLDER_PATH)/TaxApp";
			};
			name = Release;
		};
		3D26A0F32D3FB1C300BA5917 /* Debug */ = {
			isa = XCBuildConfiguration;
			buildSettings = {
				CODE_SIGN_STYLE = Automatic;
				CURRENT_PROJECT_VERSION = 1;
				DEVELOPMENT_TEAM = WN2VNXV84T;
				GENERATE_INFOPLIST_FILE = YES;
				MARKETING_VERSION = 1.0;
				PRODUCT_BUNDLE_IDENTIFIER = com.drdablack.TaxAppUITests;
				PRODUCT_NAME = "$(TARGET_NAME)";
				SWIFT_EMIT_LOC_STRINGS = NO;
				SWIFT_VERSION = 5.0;
				TARGETED_DEVICE_FAMILY = "1,2";
				TEST_TARGET_NAME = TaxApp;
			};
			name = Debug;
		};
		3D26A0F42D3FB1C300BA5917 /* Release */ = {
			isa = XCBuildConfiguration;
			buildSettings = {
				CODE_SIGN_STYLE = Automatic;
				CURRENT_PROJECT_VERSION = 1;
				DEVELOPMENT_TEAM = WN2VNXV84T;
				GENERATE_INFOPLIST_FILE = YES;
				MARKETING_VERSION = 1.0;
				PRODUCT_BUNDLE_IDENTIFIER = com.drdablack.TaxAppUITests;
				PRODUCT_NAME = "$(TARGET_NAME)";
				SWIFT_EMIT_LOC_STRINGS = NO;
				SWIFT_VERSION = 5.0;
				TARGETED_DEVICE_FAMILY = "1,2";
				TEST_TARGET_NAME = TaxApp;
			};
			name = Release;
		};
/* End XCBuildConfiguration section */

/* Begin XCConfigurationList section */
		3D26A0BC2D3FB1C000BA5917 /* Build configuration list for PBXProject "TaxApp" */ = {
			isa = XCConfigurationList;
			buildConfigurations = (
				3D26A0ED2D3FB1C300BA5917 /* Debug */,
				3D26A0EE2D3FB1C300BA5917 /* Release */,
			);
			defaultConfigurationIsVisible = 0;
			defaultConfigurationName = Release;
		};
		3D26A0EA2D3FB1C300BA5917 /* Build configuration list for PBXNativeTarget "TaxApp" */ = {
			isa = XCConfigurationList;
			buildConfigurations = (
				3D26A0EB2D3FB1C300BA5917 /* Debug */,
				3D26A0EC2D3FB1C300BA5917 /* Release */,
			);
			defaultConfigurationIsVisible = 0;
			defaultConfigurationName = Release;
		};
		3D26A0EF2D3FB1C300BA5917 /* Build configuration list for PBXNativeTarget "TaxAppTests" */ = {
			isa = XCConfigurationList;
			buildConfigurations = (
				3D26A0F02D3FB1C300BA5917 /* Debug */,
				3D26A0F12D3FB1C300BA5917 /* Release */,
			);
			defaultConfigurationIsVisible = 0;
			defaultConfigurationName = Release;
		};
		3D26A0F22D3FB1C300BA5917 /* Build configuration list for PBXNativeTarget "TaxAppUITests" */ = {
			isa = XCConfigurationList;
			buildConfigurations = (
				3D26A0F32D3FB1C300BA5917 /* Debug */,
				3D26A0F42D3FB1C300BA5917 /* Release */,
			);
			defaultConfigurationIsVisible = 0;
			defaultConfigurationName = Release;
		};
/* End XCConfigurationList section */

/* Begin XCRemoteSwiftPackageReference section */
		3D26A0F52D3FB25B00BA5917 /* XCRemoteSwiftPackageReference "SnapKit" */ = {
			isa = XCRemoteSwiftPackageReference;
			repositoryURL = "https://github.com/SnapKit/SnapKit";
			requirement = {
				kind = upToNextMajorVersion;
				minimumVersion = 5.7.1;
			};
		};
		3D26A0F82D3FB27400BA5917 /* XCRemoteSwiftPackageReference "Alamofire" */ = {
			isa = XCRemoteSwiftPackageReference;
			repositoryURL = "https://github.com/Alamofire/Alamofire.git";
			requirement = {
				kind = upToNextMajorVersion;
				minimumVersion = 5.10.2;
			};
		};
		3D26A0FB2D3FB2B100BA5917 /* XCRemoteSwiftPackageReference "realm-swift" */ = {
			isa = XCRemoteSwiftPackageReference;
			repositoryURL = "https://github.com/realm/realm-swift.git";
			requirement = {
				branch = master;
				kind = branch;
			};
		};
		3D26A1002D3FB31B00BA5917 /* XCRemoteSwiftPackageReference "firebase-ios-sdk" */ = {
			isa = XCRemoteSwiftPackageReference;
			repositoryURL = "https://github.com/firebase/firebase-ios-sdk";
			requirement = {
				kind = upToNextMajorVersion;
				minimumVersion = 11.7.0;
			};
		};
/* End XCRemoteSwiftPackageReference section */

/* Begin XCSwiftPackageProductDependency section */
		3D26A0F62D3FB25B00BA5917 /* SnapKit */ = {
			isa = XCSwiftPackageProductDependency;
			package = 3D26A0F52D3FB25B00BA5917 /* XCRemoteSwiftPackageReference "SnapKit" */;
			productName = SnapKit;
		};
		3D26A0F92D3FB27400BA5917 /* Alamofire */ = {
			isa = XCSwiftPackageProductDependency;
			package = 3D26A0F82D3FB27400BA5917 /* XCRemoteSwiftPackageReference "Alamofire" */;
			productName = Alamofire;
		};
		3D26A0FE2D3FB2B100BA5917 /* RealmSwift */ = {
			isa = XCSwiftPackageProductDependency;
			package = 3D26A0FB2D3FB2B100BA5917 /* XCRemoteSwiftPackageReference "realm-swift" */;
			productName = RealmSwift;
		};
		3D26A1012D3FB31B00BA5917 /* FirebaseAuth */ = {
			isa = XCSwiftPackageProductDependency;
			package = 3D26A1002D3FB31B00BA5917 /* XCRemoteSwiftPackageReference "firebase-ios-sdk" */;
			productName = FirebaseAuth;
		};
		3D26A1032D3FB31B00BA5917 /* FirebaseDatabase */ = {
			isa = XCSwiftPackageProductDependency;
			package = 3D26A1002D3FB31B00BA5917 /* XCRemoteSwiftPackageReference "firebase-ios-sdk" */;
			productName = FirebaseDatabase;
		};
		3D26A1052D3FB31B00BA5917 /* FirebaseFirestore */ = {
			isa = XCSwiftPackageProductDependency;
			package = 3D26A1002D3FB31B00BA5917 /* XCRemoteSwiftPackageReference "firebase-ios-sdk" */;
			productName = FirebaseFirestore;
		};
		3D26A1072D3FB31B00BA5917 /* FirebaseStorage */ = {
			isa = XCSwiftPackageProductDependency;
			package = 3D26A1002D3FB31B00BA5917 /* XCRemoteSwiftPackageReference "firebase-ios-sdk" */;
			productName = FirebaseStorage;
		};
/* End XCSwiftPackageProductDependency section */
	};
	rootObject = 3D26A0B92D3FB1C000BA5917 /* Project object */;
}
